
Microsoft Visual Studio Solution File, Format Version 12.00
# Visual Studio Version 17
VisualStudioVersion = 17.3.32922.545
MinimumVisualStudioVersion = 10.0.40219.1
Project("{FAE04EC0-301F-11D3-BF4B-00C04F79EFBC}") = "LazyApiPack.Collections", "LazyApiPack.Collections\LazyApiPack.Collections.csproj", "{1A609AD2-E3F4-449B-92EA-071969D42E79}"
EndProject
Project("{FAE04EC0-301F-11D3-BF4B-00C04F79EFBC}") = "LazyApiPack.Collections.Tests", "LazyApiPack.Collections.Tests\LazyApiPack.Collections.Tests.csproj", "{2217AB9F-A956-46EF-B469-5A4150F3C0B8}"
EndProject
Global
	GlobalSection(SolutionConfigurationPlatforms) = preSolution
		Debug|Any CPU = Debug|Any CPU
		Release|Any CPU = Release|Any CPU
	EndGlobalSection
	GlobalSection(ProjectConfigurationPlatforms) = postSolution
		{1A609AD2-E3F4-449B-92EA-071969D42E79}.Debug|Any CPU.ActiveCfg = Debug|Any CPU
		{1A609AD2-E3F4-449B-92EA-071969D42E79}.Debug|Any CPU.Build.0 = Debug|Any CPU
		{1A609AD2-E3F4-449B-92EA-071969D42E79}.Release|Any CPU.ActiveCfg = Release|Any CPU
		{1A609AD2-E3F4-449B-92EA-071969D42E79}.Release|Any CPU.Build.0 = Release|Any CPU
		{2217AB9F-A956-46EF-B469-5A4150F3C0B8}.Debug|Any CPU.ActiveCfg = Debug|Any CPU
		{2217AB9F-A956-46EF-B469-5A4150F3C0B8}.Debug|Any CPU.Build.0 = Debug|Any CPU
		{2217AB9F-A956-46EF-B469-5A4150F3C0B8}.Release|Any CPU.ActiveCfg = Release|Any CPU
		{2217AB9F-A956-46EF-B469-5A4150F3C0B8}.Release|Any CPU.Build.0 = Release|Any CPU
	EndGlobalSection
	GlobalSection(SolutionProperties) = preSolution
		HideSolutionNode = FALSE
	EndGlobalSection
	GlobalSection(ExtensibilityGlobals) = postSolution
		SolutionGuid = {5F39BEF8-2C4F-4FDA-8793-7CCEDD3FB94C}
	EndGlobalSection
EndGlobal
